
Microsoft Visual Studio Solution File, Format Version 12.00
# Visual Studio Version 16
VisualStudioVersion = 16.0.30611.23
MinimumVisualStudioVersion = 10.0.40219.1
Project("{FAE04EC0-301F-11D3-BF4B-00C04F79EFBC}") = "TimerCalc", "TimerCalc\TimerCalc.csproj", "{7C5C9A29-B71A-4524-9E18-FE8E62223144}"
EndProject
Global
	GlobalSection(SolutionConfigurationPlatforms) = preSolution
		Debug|Any CPU = Debug|Any CPU
		Release|Any CPU = Release|Any CPU
	EndGlobalSection
	GlobalSection(ProjectConfigurationPlatforms) = postSolution
		{7C5C9A29-B71A-4524-9E18-FE8E62223144}.Debug|Any CPU.ActiveCfg = Debug|Any CPU
		{7C5C9A29-B71A-4524-9E18-FE8E62223144}.Debug|Any CPU.Build.0 = Debug|Any CPU
		{7C5C9A29-B71A-4524-9E18-FE8E62223144}.Release|Any CPU.ActiveCfg = Release|Any CPU
		{7C5C9A29-B71A-4524-9E18-FE8E62223144}.Release|Any CPU.Build.0 = Release|Any CPU
	EndGlobalSection
	GlobalSection(SolutionProperties) = preSolution
		HideSolutionNode = FALSE
	EndGlobalSection
	GlobalSection(ExtensibilityGlobals) = postSolution
		SolutionGuid = {C51FA0EB-0C8B-4FB3-BF6E-306779E9705F}
	EndGlobalSection
EndGlobal
